
Microsoft Visual Studio Solution File, Format Version 12.00
# Visual Studio Version 17
VisualStudioVersion = 17.5.002.0
MinimumVisualStudioVersion = 10.0.40219.1
Project("{9A19103F-16F7-4668-BE54-9A1E7A4F7556}") = "Projeto PET", "Projeto PET.csproj", "{74FAEC0B-44F9-45F1-84B5-47BEFE41894D}"
EndProject
Global
	GlobalSection(SolutionConfigurationPlatforms) = preSolution
		Debug|Any CPU = Debug|Any CPU
		Release|Any CPU = Release|Any CPU
	EndGlobalSection
	GlobalSection(ProjectConfigurationPlatforms) = postSolution
		{74FAEC0B-44F9-45F1-84B5-47BEFE41894D}.Debug|Any CPU.ActiveCfg = Debug|Any CPU
		{74FAEC0B-44F9-45F1-84B5-47BEFE41894D}.Debug|Any CPU.Build.0 = Debug|Any CPU
		{74FAEC0B-44F9-45F1-84B5-47BEFE41894D}.Release|Any CPU.ActiveCfg = Release|Any CPU
		{74FAEC0B-44F9-45F1-84B5-47BEFE41894D}.Release|Any CPU.Build.0 = Release|Any CPU
	EndGlobalSection
	GlobalSection(SolutionProperties) = preSolution
		HideSolutionNode = FALSE
	EndGlobalSection
	GlobalSection(ExtensibilityGlobals) = postSolution
		SolutionGuid = {6C13C631-3829-4C37-882D-5B4F2F3D1646}
	EndGlobalSection
EndGlobal
